{
  "version": 4,
  "terraform_version": "1.0.11",
  "serial": 143,
  "lineage": "2583e789-006c-bcc2-9897-fe567154b9e0",
  "outputs": {
    "ipaddress": {
      "value": "3.134.244.123",
      "type": "string"
    }
  },
  "resources": [
    {
      "mode": "managed",
      "type": "aws_eip",
      "name": "elasticip",
      "provider": "provider[\"registry.terraform.io/hashicorp/aws\"]",
      "instances": [
        {
          "schema_version": 0,
          "attributes": {
            "address": null,
            "allocation_id": "eipalloc-0ef9b949db078f8f8",
            "associate_with_private_ip": null,
            "association_id": "eipassoc-0dda9257fb20427c1",
            "carrier_ip": "",
            "customer_owned_ip": "",
            "customer_owned_ipv4_pool": "",
            "domain": "vpc",
            "id": "eipalloc-0ef9b949db078f8f8",
            "instance": "",
            "network_border_group": "us-east-2",
            "network_interface": "eni-0c4ee10a12c56daeb",
            "private_dns": "ip-10-0-1-10.us-east-2.compute.internal",
            "private_ip": "10.0.1.10",
            "public_dns": "ec2-3-15-136-242.us-east-2.compute.amazonaws.com",
            "public_ip": "3.15.136.242",
            "public_ipv4_pool": "amazon",
            "tags": null,
            "tags_all": {},
            "timeouts": null,
            "vpc": true
          },
          "sensitive_attributes": [],
          "private": "eyJlMmJmYjczMC1lY2FhLTExZTYtOGY4OC0zNDM2M2JjN2M0YzAiOnsiZGVsZXRlIjoxODAwMDAwMDAwMDAsInJlYWQiOjkwMDAwMDAwMDAwMCwidXBkYXRlIjozMDAwMDAwMDAwMDB9fQ==",
          "dependencies": [
            "aws_network_interface.ethernet",
            "module.myvpc.aws_internet_gateway.igw",
            "module.myvpc.aws_security_group.allow_ssh",
            "module.myvpc.aws_subnet.subnet",
            "module.myvpc.aws_vpc.myapp-vpc"
          ]
        }
      ]
    },
    {
      "mode": "managed",
      "type": "aws_instance",
      "name": "meanstack",
      "provider": "provider[\"registry.terraform.io/hashicorp/aws\"]",
      "instances": [
        {
          "schema_version": 1,
          "attributes": {
            "ami": "ami-0fb653ca2d3203ac1",
            "arn": "arn:aws:ec2:us-east-2:011096892692:instance/i-04edf700deddae716",
            "associate_public_ip_address": true,
            "availability_zone": "us-east-2b",
            "capacity_reservation_specification": [
              {
                "capacity_reservation_preference": "open",
                "capacity_reservation_target": []
              }
            ],
            "cpu_core_count": 1,
            "cpu_threads_per_core": 1,
            "credit_specification": [
              {
                "cpu_credits": "standard"
              }
            ],
            "disable_api_termination": false,
            "ebs_block_device": [],
            "ebs_optimized": false,
            "enclave_options": [
              {
                "enabled": false
              }
            ],
            "ephemeral_block_device": [],
            "get_password_data": false,
            "hibernation": false,
            "host_id": null,
            "iam_instance_profile": "",
            "id": "i-04edf700deddae716",
            "instance_initiated_shutdown_behavior": "stop",
            "instance_state": "running",
            "instance_type": "t2.micro",
            "ipv6_address_count": 0,
            "ipv6_addresses": [],
            "key_name": "deployer-key",
            "launch_template": [],
            "metadata_options": [
              {
                "http_endpoint": "enabled",
                "http_put_response_hop_limit": 1,
                "http_tokens": "optional"
              }
            ],
            "monitoring": false,
            "network_interface": [],
            "outpost_arn": "",
            "password_data": "",
            "placement_group": "",
            "placement_partition_number": null,
            "primary_network_interface_id": "eni-05de11df519f944e8",
            "private_dns": "ip-10-0-1-249.us-east-2.compute.internal",
            "private_ip": "10.0.1.249",
            "public_dns": "",
            "public_ip": "3.134.244.123",
            "root_block_device": [
              {
                "delete_on_termination": true,
                "device_name": "/dev/sda1",
                "encrypted": false,
                "iops": 100,
                "kms_key_id": "",
                "tags": {},
                "throughput": 0,
                "volume_id": "vol-0a6d1a45f9e690097",
                "volume_size": 8,
                "volume_type": "gp2"
              }
            ],
            "secondary_private_ips": [],
            "security_groups": [],
            "source_dest_check": true,
            "subnet_id": "subnet-0e457d7809b4b6698",
            "tags": {
              "Name": "Production-ubuntu"
            },
            "tags_all": {
              "Name": "Production-ubuntu"
            },
            "tenancy": "default",
            "timeouts": null,
            "user_data": "333bf5f3038ea6fd56d982b32045c80658c547d2",
            "user_data_base64": null,
            "volume_tags": null,
            "vpc_security_group_ids": [
              "sg-071d2af25dd153a7b"
            ]
          },
          "sensitive_attributes": [],
          "private": "eyJlMmJmYjczMC1lY2FhLTExZTYtOGY4OC0zNDM2M2JjN2M0YzAiOnsiY3JlYXRlIjo2MDAwMDAwMDAwMDAsImRlbGV0ZSI6MTIwMDAwMDAwMDAwMCwidXBkYXRlIjo2MDAwMDAwMDAwMDB9LCJzY2hlbWFfdmVyc2lvbiI6IjEifQ==",
          "dependencies": [
            "module.keypair.aws_key_pair.Webserver-key",
            "module.myvpc.aws_security_group.allow_ssh",
            "module.myvpc.aws_subnet.subnet",
            "module.myvpc.aws_vpc.myapp-vpc"
          ]
        }
      ]
    },
    {
      "mode": "managed",
      "type": "aws_network_interface",
      "name": "ethernet",
      "provider": "provider[\"registry.terraform.io/hashicorp/aws\"]",
      "instances": [
        {
          "schema_version": 0,
          "attributes": {
            "arn": "arn:aws:ec2:us-east-2:011096892692:network-interface/eni-0c4ee10a12c56daeb",
            "attachment": [],
            "description": "",
            "id": "eni-0c4ee10a12c56daeb",
            "interface_type": "interface",
            "ipv4_prefix_count": 0,
            "ipv4_prefixes": [],
            "ipv6_address_count": 0,
            "ipv6_addresses": [],
            "ipv6_prefix_count": 0,
            "ipv6_prefixes": [],
            "mac_address": "06:0a:47:c5:9a:5c",
            "outpost_arn": "",
            "owner_id": "011096892692",
            "private_dns_name": "",
            "private_ip": "10.0.1.10",
            "private_ips": [
              "10.0.1.10"
            ],
            "private_ips_count": 0,
            "security_groups": [
              "sg-071d2af25dd153a7b"
            ],
            "source_dest_check": true,
            "subnet_id": "subnet-0e457d7809b4b6698",
            "tags": null,
            "tags_all": {}
          },
          "sensitive_attributes": [],
          "private": "bnVsbA==",
          "dependencies": [
            "module.myvpc.aws_security_group.allow_ssh",
            "module.myvpc.aws_subnet.subnet",
            "module.myvpc.aws_vpc.myapp-vpc"
          ]
        }
      ]
    },
    {
      "module": "module.keypair",
      "mode": "managed",
      "type": "aws_key_pair",
      "name": "Webserver-key",
      "provider": "module.keypair.provider[\"registry.terraform.io/hashicorp/aws\"]",
      "instances": [
        {
          "schema_version": 1,
          "attributes": {
            "arn": "arn:aws:ec2:us-east-2:011096892692:key-pair/deployer-key",
            "fingerprint": "b6:63:74:31:b5:9c:41:35:51:0d:a8:f6:3e:22:80:c9",
            "id": "deployer-key",
            "key_name": "deployer-key",
            "key_name_prefix": "",
            "key_pair_id": "key-015bc5d82790ea0b9",
            "public_key": "ssh-rsa AAAAB3NzaC1yc2EAAAADAQABAAABgQCp7X8gf0+eImihka4Gn0w8as42uk6M7TKKJwVCKaPnMob9EZFzirC2+/dYabt28W8Cs0G9JL+dj5zjGFkZTeLuJLvp+ObXMwYDhMi0RqBdXPwFpERKH2fa97PF+gzE7CGkai7nNWdz2ff3+w9xRyrAjA5Z14XXibEtwmGlfPIdgIPY0j7DEixb5XYXrKoL3Z0HV+QJ3cMMJBArZF+ArGPhmfO41/E6Hsq8o+FMgllFyUbOrdm4u0n5bDDRHWOBD9uCo5HZtpJQQz9SyDKlvBgOGQsUHfCb3zRlNhxfH/KmubvST2X+3zEkirzMyAc1QzjVXXKp0+lAWwL/xHbSiK+2zhj+xeTY/2/62Z09xioP+nueCcIFoql8KTtmETTuy5rzrERHYKCSkLDTPeNr8YY+OvndljxelN9mgnzcRZMCnhnzsCKVp+a+LFXJR1ebk3myuO8mQOsQMfimTZcZ6oiU6d5Rur495dTUdaeAnNRo/ikkmJ1O9ube1T4YDRW5QFk= ubuntu@pop-os",
            "tags": {
              "Name": "Webserver-key"
            },
            "tags_all": {
              "Name": "Webserver-key"
            }
          },
          "sensitive_attributes": [],
          "private": "eyJzY2hlbWFfdmVyc2lvbiI6IjEifQ=="
        }
      ]
    },
    {
      "module": "module.myvpc",
      "mode": "managed",
      "type": "aws_internet_gateway",
      "name": "igw",
      "provider": "module.myvpc.provider[\"registry.terraform.io/hashicorp/aws\"]",
      "instances": [
        {
          "schema_version": 0,
          "attributes": {
            "arn": "arn:aws:ec2:us-east-2:011096892692:internet-gateway/igw-085d1cd16c12307f9",
            "id": "igw-085d1cd16c12307f9",
            "owner_id": "011096892692",
            "tags": {
              "Name": "Production-igw"
            },
            "tags_all": {
              "Name": "Production-igw"
            },
            "vpc_id": "vpc-0ae926de32d90407d"
          },
          "sensitive_attributes": [],
          "private": "bnVsbA==",
          "dependencies": [
            "module.myvpc.aws_vpc.myapp-vpc"
          ]
        }
      ]
    },
    {
      "module": "module.myvpc",
      "mode": "managed",
      "type": "aws_route_table",
      "name": "routetable",
      "provider": "module.myvpc.provider[\"registry.terraform.io/hashicorp/aws\"]",
      "instances": [
        {
          "schema_version": 0,
          "attributes": {
            "arn": "arn:aws:ec2:us-east-2:011096892692:route-table/rtb-0c3a5f7b56c502bcd",
            "id": "rtb-0c3a5f7b56c502bcd",
            "owner_id": "011096892692",
            "propagating_vgws": [],
            "route": [
              {
                "carrier_gateway_id": "",
                "cidr_block": "0.0.0.0/0",
                "destination_prefix_list_id": "",
                "egress_only_gateway_id": "",
                "gateway_id": "igw-085d1cd16c12307f9",
                "instance_id": "",
                "ipv6_cidr_block": "",
                "local_gateway_id": "",
                "nat_gateway_id": "",
                "network_interface_id": "",
                "transit_gateway_id": "",
                "vpc_endpoint_id": "",
                "vpc_peering_connection_id": ""
              }
            ],
            "tags": {
              "Name": "Production-rt"
            },
            "tags_all": {
              "Name": "Production-rt"
            },
            "timeouts": null,
            "vpc_id": "vpc-0ae926de32d90407d"
          },
          "sensitive_attributes": [],
          "private": "eyJlMmJmYjczMC1lY2FhLTExZTYtOGY4OC0zNDM2M2JjN2M0YzAiOnsiY3JlYXRlIjozMDAwMDAwMDAwMDAsImRlbGV0ZSI6MzAwMDAwMDAwMDAwLCJ1cGRhdGUiOjEyMDAwMDAwMDAwMH19",
          "dependencies": [
            "module.myvpc.aws_internet_gateway.igw",
            "module.myvpc.aws_vpc.myapp-vpc"
          ]
        }
      ]
    },
    {
      "module": "module.myvpc",
      "mode": "managed",
      "type": "aws_route_table_association",
      "name": "rta",
      "provider": "module.myvpc.provider[\"registry.terraform.io/hashicorp/aws\"]",
      "instances": [
        {
          "schema_version": 0,
          "attributes": {
            "gateway_id": "",
            "id": "rtbassoc-079d678fc7a1fe52a",
            "route_table_id": "rtb-0c3a5f7b56c502bcd",
            "subnet_id": "subnet-0e457d7809b4b6698"
          },
          "sensitive_attributes": [],
          "private": "bnVsbA==",
          "dependencies": [
            "module.myvpc.aws_internet_gateway.igw",
            "module.myvpc.aws_route_table.routetable",
            "module.myvpc.aws_subnet.subnet",
            "module.myvpc.aws_vpc.myapp-vpc"
          ]
        }
      ]
    },
    {
      "module": "module.myvpc",
      "mode": "managed",
      "type": "aws_security_group",
      "name": "allow_ssh",
      "provider": "module.myvpc.provider[\"registry.terraform.io/hashicorp/aws\"]",
      "instances": [
        {
          "schema_version": 1,
          "attributes": {
            "arn": "arn:aws:ec2:us-east-2:011096892692:security-group/sg-071d2af25dd153a7b",
            "description": "Managed by Terraform",
            "egress": [
              {
                "cidr_blocks": [
                  "0.0.0.0/0"
                ],
                "description": "",
                "from_port": 0,
                "ipv6_cidr_blocks": [
                  "::/0"
                ],
                "prefix_list_ids": [],
                "protocol": "-1",
                "security_groups": [],
                "self": false,
                "to_port": 0
              }
            ],
            "id": "sg-071d2af25dd153a7b",
            "ingress": [
              {
                "cidr_blocks": [
                  "0.0.0.0/0"
                ],
                "description": "TLS from VPC",
                "from_port": 22,
                "ipv6_cidr_blocks": [],
                "prefix_list_ids": [],
                "protocol": "tcp",
                "security_groups": [],
                "self": false,
                "to_port": 22
              }
            ],
            "name": "terraform-20220110231024422600000001",
            "name_prefix": "terraform-",
            "owner_id": "011096892692",
            "revoke_rules_on_delete": false,
            "tags": {
              "Name": "allow_ssh"
            },
            "tags_all": {
              "Name": "allow_ssh"
            },
            "timeouts": null,
            "vpc_id": "vpc-0ae926de32d90407d"
          },
          "sensitive_attributes": [],
          "private": "eyJlMmJmYjczMC1lY2FhLTExZTYtOGY4OC0zNDM2M2JjN2M0YzAiOnsiY3JlYXRlIjo2MDAwMDAwMDAwMDAsImRlbGV0ZSI6OTAwMDAwMDAwMDAwfSwic2NoZW1hX3ZlcnNpb24iOiIxIn0=",
          "dependencies": [
            "module.myvpc.aws_vpc.myapp-vpc"
          ]
        }
      ]
    },
    {
      "module": "module.myvpc",
      "mode": "managed",
      "type": "aws_subnet",
      "name": "subnet",
      "provider": "module.myvpc.provider[\"registry.terraform.io/hashicorp/aws\"]",
      "instances": [
        {
          "schema_version": 1,
          "attributes": {
            "arn": "arn:aws:ec2:us-east-2:011096892692:subnet/subnet-0e457d7809b4b6698",
            "assign_ipv6_address_on_creation": false,
            "availability_zone": "us-east-2b",
            "availability_zone_id": "use2-az2",
            "cidr_block": "10.0.1.0/24",
            "customer_owned_ipv4_pool": "",
            "enable_dns64": false,
            "enable_resource_name_dns_a_record_on_launch": false,
            "enable_resource_name_dns_aaaa_record_on_launch": false,
            "id": "subnet-0e457d7809b4b6698",
            "ipv6_cidr_block": "",
            "ipv6_cidr_block_association_id": "",
            "ipv6_native": false,
            "map_customer_owned_ip_on_launch": false,
            "map_public_ip_on_launch": false,
            "outpost_arn": "",
            "owner_id": "011096892692",
            "private_dns_hostname_type_on_launch": "ip-name",
            "tags": {
              "Name": "Production-subnet-1"
            },
            "tags_all": {
              "Name": "Production-subnet-1"
            },
            "timeouts": null,
            "vpc_id": "vpc-0ae926de32d90407d"
          },
          "sensitive_attributes": [],
          "private": "eyJlMmJmYjczMC1lY2FhLTExZTYtOGY4OC0zNDM2M2JjN2M0YzAiOnsiY3JlYXRlIjo2MDAwMDAwMDAwMDAsImRlbGV0ZSI6MTIwMDAwMDAwMDAwMH0sInNjaGVtYV92ZXJzaW9uIjoiMSJ9",
          "dependencies": [
            "module.myvpc.aws_vpc.myapp-vpc"
          ]
        }
      ]
    },
    {
      "module": "module.myvpc",
      "mode": "managed",
      "type": "aws_vpc",
      "name": "myapp-vpc",
      "provider": "module.myvpc.provider[\"registry.terraform.io/hashicorp/aws\"]",
      "instances": [
        {
          "schema_version": 1,
          "attributes": {
            "arn": "arn:aws:ec2:us-east-2:011096892692:vpc/vpc-0ae926de32d90407d",
            "assign_generated_ipv6_cidr_block": false,
            "cidr_block": "10.0.0.0/16",
            "default_network_acl_id": "acl-032e97e7139ef38ff",
            "default_route_table_id": "rtb-032e460985fb97e53",
            "default_security_group_id": "sg-0cecb018c994ef7a2",
            "dhcp_options_id": "dopt-06f8d8b9076c873b0",
            "enable_classiclink": null,
            "enable_classiclink_dns_support": null,
            "enable_dns_hostnames": false,
            "enable_dns_support": true,
            "id": "vpc-0ae926de32d90407d",
            "instance_tenancy": "default",
            "ipv4_ipam_pool_id": null,
            "ipv4_netmask_length": null,
            "ipv6_association_id": "",
            "ipv6_cidr_block": "",
            "ipv6_ipam_pool_id": null,
            "ipv6_netmask_length": null,
            "main_route_table_id": "rtb-032e460985fb97e53",
            "owner_id": "011096892692",
            "tags": {
              "Name": "Production"
            },
            "tags_all": {
              "Name": "Production"
            }
          },
          "sensitive_attributes": [],
          "private": "eyJzY2hlbWFfdmVyc2lvbiI6IjEifQ=="
        }
      ]
    }
  ]
}
